# This file is autogenerated, do not edit; changes may be undone by the next 'dep ensure'.


[[projects]]
  name = "github.com/eclipse/paho.mqtt.golang"
  packages = [
    ".",
    "packets"
  ]
  revision = "bab87cde322cf9aec420645d1e9801d0f216f791"

[[projects]]
  branch = "master"
  name = "github.com/emitter-io/go"
  packages = ["."]
  revision = "24343528b2c91cb455aa8d102e6e0dddb70222c9"

[[projects]]
  branch = "master"
  name = "github.com/satori/go.uuid"
  packages = ["."]
  revision = "36e9d2ebbde5e3f13ab2e25625fd453271d6522e"

[[projects]]
  branch = "master"
  name = "golang.org/x/net"
  packages = [
    "internal/socks",
    "proxy",
    "websocket"
  ]
  revision = "32a936f46389aa10549d60bd7833e54b01685d09"

[solve-meta]
  analyzer-name = "dep"
  analyzer-version = 1
  inputs-digest = "e2ce0e18621d369c14e89a9521bd3f72ed0a746e9224578bb24841dc9f081080"
  solver-name = "gps-cdcl"
  solver-version = 1
